
Microsoft Visual Studio Solution File, Format Version 12.00
# Visual Studio Version 17
VisualStudioVersion = 17.9.34728.123
MinimumVisualStudioVersion = 10.0.40219.1
Project("{8BC9CEB8-8B4A-11D0-8D11-00A0C91BC942}") = "Program", "Program.vcxproj", "{40347C02-56AA-4800-815D-A8367D9687B1}"
EndProject
Project("{8BC9CEB8-8B4A-11D0-8D11-00A0C91BC942}") = "Class1th (Time Complexity & Space Complexity)", "..\Class1th (Time Complexity & Space Complexity)\Class1th (Time Complexity & Space Complexity).vcxproj", "{D01840AA-22ED-449C-BC48-41553DDE55C7}"
EndProject
Project("{8BC9CEB8-8B4A-11D0-8D11-00A0C91BC942}") = "Class2th (Brute Force)", "..\Class2th (Brute Force)\Class2th (Brute Force).vcxproj", "{5B3C21C5-BD3E-4539-8E8C-423D3FA79729}"
EndProject
Project("{8BC9CEB8-8B4A-11D0-8D11-00A0C91BC942}") = "Class3th (Bubble Sort)", "..\Class3th (Bubble Sort)\Class3th (Bubble Sort).vcxproj", "{B87D7C03-882D-4F8E-8CFD-F76F0442463A}"
EndProject
Project("{8BC9CEB8-8B4A-11D0-8D11-00A0C91BC942}") = "Class4th (Select Sort)", "..\Class4th (Select Sort)\Class4th (Select Sort).vcxproj", "{944D0560-F0C0-48DC-BCBD-1B947F0D27F9}"
EndProject
Project("{8BC9CEB8-8B4A-11D0-8D11-00A0C91BC942}") = "Class5th (Insert Sort)", "..\Class5th (Insert Sort)\Class5th (Insert Sort).vcxproj", "{15383551-5096-4F4D-9A33-D33EDED28F59}"
EndProject
Project("{8BC9CEB8-8B4A-11D0-8D11-00A0C91BC942}") = "Class6th (Seive of Eratosthenes)", "..\Class6th (Seive of Eratosthenes)\Class6th (Seive of Eratosthenes).vcxproj", "{F876834B-545A-490F-9F8B-BB3D5BDBA47E}"
EndProject
Project("{8BC9CEB8-8B4A-11D0-8D11-00A0C91BC942}") = "Class7th (Two Pointer)", "..\Class7th (Two Pointer)\Class7th (Two Pointer).vcxproj", "{D2D39C69-65DE-4347-B0A3-785C82C6AB12}"
EndProject
Project("{8BC9CEB8-8B4A-11D0-8D11-00A0C91BC942}") = "Class8th (Binary Search)", "..\Class8th (Binary Search)\Class8th (Binary Search).vcxproj", "{49A191FF-B548-46B8-8E49-33AA9B89E54F}"
EndProject
Project("{8BC9CEB8-8B4A-11D0-8D11-00A0C91BC942}") = "Class9th (Count Sort)", "..\Class9th (Count Sort)\Class9th (Count Sort).vcxproj", "{772A39B9-DF8A-4D4D-B619-D44AEEB14741}"
EndProject
Project("{8BC9CEB8-8B4A-11D0-8D11-00A0C91BC942}") = "Class10th (Divide and Conquer)", "..\Class10th (Divide and Conquer)\Class10th (Divide and Conquer).vcxproj", "{B7EE15B6-7222-42F4-BDF5-FBB668634517}"
EndProject
Project("{8BC9CEB8-8B4A-11D0-8D11-00A0C91BC942}") = "Class11th (Quick Sort)", "..\Class11th (Quick Sort)\Class11th (Quick Sort).vcxproj", "{95E81754-016F-448D-8125-D2C9DB3EA2A6}"
EndProject
Global
	GlobalSection(SolutionConfigurationPlatforms) = preSolution
		Debug|x64 = Debug|x64
		Debug|x86 = Debug|x86
		Release|x64 = Release|x64
		Release|x86 = Release|x86
	EndGlobalSection
	GlobalSection(ProjectConfigurationPlatforms) = postSolution
		{40347C02-56AA-4800-815D-A8367D9687B1}.Debug|x64.ActiveCfg = Debug|x64
		{40347C02-56AA-4800-815D-A8367D9687B1}.Debug|x64.Build.0 = Debug|x64
		{40347C02-56AA-4800-815D-A8367D9687B1}.Debug|x86.ActiveCfg = Debug|Win32
		{40347C02-56AA-4800-815D-A8367D9687B1}.Debug|x86.Build.0 = Debug|Win32
		{40347C02-56AA-4800-815D-A8367D9687B1}.Release|x64.ActiveCfg = Release|x64
		{40347C02-56AA-4800-815D-A8367D9687B1}.Release|x64.Build.0 = Release|x64
		{40347C02-56AA-4800-815D-A8367D9687B1}.Release|x86.ActiveCfg = Release|Win32
		{40347C02-56AA-4800-815D-A8367D9687B1}.Release|x86.Build.0 = Release|Win32
		{D01840AA-22ED-449C-BC48-41553DDE55C7}.Debug|x64.ActiveCfg = Debug|x64
		{D01840AA-22ED-449C-BC48-41553DDE55C7}.Debug|x64.Build.0 = Debug|x64
		{D01840AA-22ED-449C-BC48-41553DDE55C7}.Debug|x86.ActiveCfg = Debug|Win32
		{D01840AA-22ED-449C-BC48-41553DDE55C7}.Debug|x86.Build.0 = Debug|Win32
		{D01840AA-22ED-449C-BC48-41553DDE55C7}.Release|x64.ActiveCfg = Release|x64
		{D01840AA-22ED-449C-BC48-41553DDE55C7}.Release|x64.Build.0 = Release|x64
		{D01840AA-22ED-449C-BC48-41553DDE55C7}.Release|x86.ActiveCfg = Release|Win32
		{D01840AA-22ED-449C-BC48-41553DDE55C7}.Release|x86.Build.0 = Release|Win32
		{5B3C21C5-BD3E-4539-8E8C-423D3FA79729}.Debug|x64.ActiveCfg = Debug|x64
		{5B3C21C5-BD3E-4539-8E8C-423D3FA79729}.Debug|x64.Build.0 = Debug|x64
		{5B3C21C5-BD3E-4539-8E8C-423D3FA79729}.Debug|x86.ActiveCfg = Debug|Win32
		{5B3C21C5-BD3E-4539-8E8C-423D3FA79729}.Debug|x86.Build.0 = Debug|Win32
		{5B3C21C5-BD3E-4539-8E8C-423D3FA79729}.Release|x64.ActiveCfg = Release|x64
		{5B3C21C5-BD3E-4539-8E8C-423D3FA79729}.Release|x64.Build.0 = Release|x64
		{5B3C21C5-BD3E-4539-8E8C-423D3FA79729}.Release|x86.ActiveCfg = Release|Win32
		{5B3C21C5-BD3E-4539-8E8C-423D3FA79729}.Release|x86.Build.0 = Release|Win32
		{B87D7C03-882D-4F8E-8CFD-F76F0442463A}.Debug|x64.ActiveCfg = Debug|x64
		{B87D7C03-882D-4F8E-8CFD-F76F0442463A}.Debug|x64.Build.0 = Debug|x64
		{B87D7C03-882D-4F8E-8CFD-F76F0442463A}.Debug|x86.ActiveCfg = Debug|Win32
		{B87D7C03-882D-4F8E-8CFD-F76F0442463A}.Debug|x86.Build.0 = Debug|Win32
		{B87D7C03-882D-4F8E-8CFD-F76F0442463A}.Release|x64.ActiveCfg = Release|x64
		{B87D7C03-882D-4F8E-8CFD-F76F0442463A}.Release|x64.Build.0 = Release|x64
		{B87D7C03-882D-4F8E-8CFD-F76F0442463A}.Release|x86.ActiveCfg = Release|Win32
		{B87D7C03-882D-4F8E-8CFD-F76F0442463A}.Release|x86.Build.0 = Release|Win32
		{944D0560-F0C0-48DC-BCBD-1B947F0D27F9}.Debug|x64.ActiveCfg = Debug|x64
		{944D0560-F0C0-48DC-BCBD-1B947F0D27F9}.Debug|x64.Build.0 = Debug|x64
		{944D0560-F0C0-48DC-BCBD-1B947F0D27F9}.Debug|x86.ActiveCfg = Debug|Win32
		{944D0560-F0C0-48DC-BCBD-1B947F0D27F9}.Debug|x86.Build.0 = Debug|Win32
		{944D0560-F0C0-48DC-BCBD-1B947F0D27F9}.Release|x64.ActiveCfg = Release|x64
		{944D0560-F0C0-48DC-BCBD-1B947F0D27F9}.Release|x64.Build.0 = Release|x64
		{944D0560-F0C0-48DC-BCBD-1B947F0D27F9}.Release|x86.ActiveCfg = Release|Win32
		{944D0560-F0C0-48DC-BCBD-1B947F0D27F9}.Release|x86.Build.0 = Release|Win32
		{15383551-5096-4F4D-9A33-D33EDED28F59}.Debug|x64.ActiveCfg = Debug|x64
		{15383551-5096-4F4D-9A33-D33EDED28F59}.Debug|x64.Build.0 = Debug|x64
		{15383551-5096-4F4D-9A33-D33EDED28F59}.Debug|x86.ActiveCfg = Debug|Win32
		{15383551-5096-4F4D-9A33-D33EDED28F59}.Debug|x86.Build.0 = Debug|Win32
		{15383551-5096-4F4D-9A33-D33EDED28F59}.Release|x64.ActiveCfg = Release|x64
		{15383551-5096-4F4D-9A33-D33EDED28F59}.Release|x64.Build.0 = Release|x64
		{15383551-5096-4F4D-9A33-D33EDED28F59}.Release|x86.ActiveCfg = Release|Win32
		{15383551-5096-4F4D-9A33-D33EDED28F59}.Release|x86.Build.0 = Release|Win32
		{F876834B-545A-490F-9F8B-BB3D5BDBA47E}.Debug|x64.ActiveCfg = Debug|x64
		{F876834B-545A-490F-9F8B-BB3D5BDBA47E}.Debug|x64.Build.0 = Debug|x64
		{F876834B-545A-490F-9F8B-BB3D5BDBA47E}.Debug|x86.ActiveCfg = Debug|Win32
		{F876834B-545A-490F-9F8B-BB3D5BDBA47E}.Debug|x86.Build.0 = Debug|Win32
		{F876834B-545A-490F-9F8B-BB3D5BDBA47E}.Release|x64.ActiveCfg = Release|x64
		{F876834B-545A-490F-9F8B-BB3D5BDBA47E}.Release|x64.Build.0 = Release|x64
		{F876834B-545A-490F-9F8B-BB3D5BDBA47E}.Release|x86.ActiveCfg = Release|Win32
		{F876834B-545A-490F-9F8B-BB3D5BDBA47E}.Release|x86.Build.0 = Release|Win32
		{D2D39C69-65DE-4347-B0A3-785C82C6AB12}.Debug|x64.ActiveCfg = Debug|x64
		{D2D39C69-65DE-4347-B0A3-785C82C6AB12}.Debug|x64.Build.0 = Debug|x64
		{D2D39C69-65DE-4347-B0A3-785C82C6AB12}.Debug|x86.ActiveCfg = Debug|Win32
		{D2D39C69-65DE-4347-B0A3-785C82C6AB12}.Debug|x86.Build.0 = Debug|Win32
		{D2D39C69-65DE-4347-B0A3-785C82C6AB12}.Release|x64.ActiveCfg = Release|x64
		{D2D39C69-65DE-4347-B0A3-785C82C6AB12}.Release|x64.Build.0 = Release|x64
		{D2D39C69-65DE-4347-B0A3-785C82C6AB12}.Release|x86.ActiveCfg = Release|Win32
		{D2D39C69-65DE-4347-B0A3-785C82C6AB12}.Release|x86.Build.0 = Release|Win32
		{49A191FF-B548-46B8-8E49-33AA9B89E54F}.Debug|x64.ActiveCfg = Debug|x64
		{49A191FF-B548-46B8-8E49-33AA9B89E54F}.Debug|x64.Build.0 = Debug|x64
		{49A191FF-B548-46B8-8E49-33AA9B89E54F}.Debug|x86.ActiveCfg = Debug|Win32
		{49A191FF-B548-46B8-8E49-33AA9B89E54F}.Debug|x86.Build.0 = Debug|Win32
		{49A191FF-B548-46B8-8E49-33AA9B89E54F}.Release|x64.ActiveCfg = Release|x64
		{49A191FF-B548-46B8-8E49-33AA9B89E54F}.Release|x64.Build.0 = Release|x64
		{49A191FF-B548-46B8-8E49-33AA9B89E54F}.Release|x86.ActiveCfg = Release|Win32
		{49A191FF-B548-46B8-8E49-33AA9B89E54F}.Release|x86.Build.0 = Release|Win32
		{772A39B9-DF8A-4D4D-B619-D44AEEB14741}.Debug|x64.ActiveCfg = Debug|x64
		{772A39B9-DF8A-4D4D-B619-D44AEEB14741}.Debug|x64.Build.0 = Debug|x64
		{772A39B9-DF8A-4D4D-B619-D44AEEB14741}.Debug|x86.ActiveCfg = Debug|Win32
		{772A39B9-DF8A-4D4D-B619-D44AEEB14741}.Debug|x86.Build.0 = Debug|Win32
		{772A39B9-DF8A-4D4D-B619-D44AEEB14741}.Release|x64.ActiveCfg = Release|x64
		{772A39B9-DF8A-4D4D-B619-D44AEEB14741}.Release|x64.Build.0 = Release|x64
		{772A39B9-DF8A-4D4D-B619-D44AEEB14741}.Release|x86.ActiveCfg = Release|Win32
		{772A39B9-DF8A-4D4D-B619-D44AEEB14741}.Release|x86.Build.0 = Release|Win32
		{B7EE15B6-7222-42F4-BDF5-FBB668634517}.Debug|x64.ActiveCfg = Debug|x64
		{B7EE15B6-7222-42F4-BDF5-FBB668634517}.Debug|x64.Build.0 = Debug|x64
		{B7EE15B6-7222-42F4-BDF5-FBB668634517}.Debug|x86.ActiveCfg = Debug|Win32
		{B7EE15B6-7222-42F4-BDF5-FBB668634517}.Debug|x86.Build.0 = Debug|Win32
		{B7EE15B6-7222-42F4-BDF5-FBB668634517}.Release|x64.ActiveCfg = Release|x64
		{B7EE15B6-7222-42F4-BDF5-FBB668634517}.Release|x64.Build.0 = Release|x64
		{B7EE15B6-7222-42F4-BDF5-FBB668634517}.Release|x86.ActiveCfg = Release|Win32
		{B7EE15B6-7222-42F4-BDF5-FBB668634517}.Release|x86.Build.0 = Release|Win32
		{95E81754-016F-448D-8125-D2C9DB3EA2A6}.Debug|x64.ActiveCfg = Debug|x64
		{95E81754-016F-448D-8125-D2C9DB3EA2A6}.Debug|x64.Build.0 = Debug|x64
		{95E81754-016F-448D-8125-D2C9DB3EA2A6}.Debug|x86.ActiveCfg = Debug|Win32
		{95E81754-016F-448D-8125-D2C9DB3EA2A6}.Debug|x86.Build.0 = Debug|Win32
		{95E81754-016F-448D-8125-D2C9DB3EA2A6}.Release|x64.ActiveCfg = Release|x64
		{95E81754-016F-448D-8125-D2C9DB3EA2A6}.Release|x64.Build.0 = Release|x64
		{95E81754-016F-448D-8125-D2C9DB3EA2A6}.Release|x86.ActiveCfg = Release|Win32
		{95E81754-016F-448D-8125-D2C9DB3EA2A6}.Release|x86.Build.0 = Release|Win32
	EndGlobalSection
	GlobalSection(SolutionProperties) = preSolution
		HideSolutionNode = FALSE
	EndGlobalSection
	GlobalSection(ExtensibilityGlobals) = postSolution
		SolutionGuid = {C636AA8C-729E-47FA-89F5-3DE3C7572B7C}
	EndGlobalSection
EndGlobal
