
Microsoft Visual Studio Solution File, Format Version 12.00
# Visual Studio Version 17
VisualStudioVersion = 17.9.34728.123
MinimumVisualStudioVersion = 10.0.40219.1
Project("{8BC9CEB8-8B4A-11D0-8D11-00A0C91BC942}") = "Program", "Program.vcxproj", "{40347C02-56AA-4800-815D-A8367D9687B1}"
EndProject
Project("{8BC9CEB8-8B4A-11D0-8D11-00A0C91BC942}") = "Class1th (Time Complexity & Space Complexity)", "..\Class1th (Time Complexity & Space Complexity)\Class1th (Time Complexity & Space Complexity).vcxproj", "{D01840AA-22ED-449C-BC48-41553DDE55C7}"
EndProject
Project("{8BC9CEB8-8B4A-11D0-8D11-00A0C91BC942}") = "Class2th (Brute Force)", "..\Class2th (Brute Force)\Class2th (Brute Force).vcxproj", "{5B3C21C5-BD3E-4539-8E8C-423D3FA79729}"
EndProject
Project("{8BC9CEB8-8B4A-11D0-8D11-00A0C91BC942}") = "Class3th (Bubble Sort)", "..\Class3th (Bubble Sort)\Class3th (Bubble Sort).vcxproj", "{B87D7C03-882D-4F8E-8CFD-F76F0442463A}"
EndProject
Project("{8BC9CEB8-8B4A-11D0-8D11-00A0C91BC942}") = "Class4th (Select Sort)", "..\Class4th (Select Sort)\Class4th (Select Sort).vcxproj", "{944D0560-F0C0-48DC-BCBD-1B947F0D27F9}"
EndProject
Project("{8BC9CEB8-8B4A-11D0-8D11-00A0C91BC942}") = "Class5th (Insert Sort)", "..\Class5th (Insert Sort)\Class5th (Insert Sort).vcxproj", "{15383551-5096-4F4D-9A33-D33EDED28F59}"
EndProject
Project("{8BC9CEB8-8B4A-11D0-8D11-00A0C91BC942}") = "Class6th (Seive of Eratosthenes)", "..\Class6th (Seive of Eratosthenes)\Class6th (Seive of Eratosthenes).vcxproj", "{F876834B-545A-490F-9F8B-BB3D5BDBA47E}"
EndProject
Project("{8BC9CEB8-8B4A-11D0-8D11-00A0C91BC942}") = "Class7th (Two Pointer)", "..\Class7th (Two Pointer)\Class7th (Two Pointer).vcxproj", "{D2D39C69-65DE-4347-B0A3-785C82C6AB12}"
EndProject
Project("{8BC9CEB8-8B4A-11D0-8D11-00A0C91BC942}") = "Class8th (Binary Search)", "..\Class8th (Binary Search)\Class8th (Binary Search).vcxproj", "{49A191FF-B548-46B8-8E49-33AA9B89E54F}"
EndProject
Project("{8BC9CEB8-8B4A-11D0-8D11-00A0C91BC942}") = "Class9th (Count Sort)", "..\Class9th (Count Sort)\Class9th (Count Sort).vcxproj", "{772A39B9-DF8A-4D4D-B619-D44AEEB14741}"
EndProject
Project("{8BC9CEB8-8B4A-11D0-8D11-00A0C91BC942}") = "Class10th (Divide and Conquer)", "..\Class10th (Divide and Conquer)\Class10th (Divide and Conquer).vcxproj", "{B7EE15B6-7222-42F4-BDF5-FBB668634517}"
EndProject
Project("{8BC9CEB8-8B4A-11D0-8D11-00A0C91BC942}") = "Class11th (Quick Sort)", "..\Class11th (Quick Sort)\Class11th (Quick Sort).vcxproj", "{95E81754-016F-448D-8125-D2C9DB3EA2A6}"
EndProject
Project("{8BC9CEB8-8B4A-11D0-8D11-00A0C91BC942}") = "Class12th (Merge Sort)", "..\Class12th (Merge Sort)\Class12th (Merge Sort).vcxproj", "{40D6F6EF-FB08-4659-85CB-293C22A505E3}"
EndProject
Project("{8BC9CEB8-8B4A-11D0-8D11-00A0C91BC942}") = "Class13th (Euclidean)", "..\Class13th (Euclidean)\Class13th (Euclidean).vcxproj", "{38F9E83B-2CE7-4540-A8A7-F2B244AAE9D7}"
EndProject
Project("{8BC9CEB8-8B4A-11D0-8D11-00A0C91BC942}") = "Class14th (Greedy)", "..\Class14th (Greedy)\Class14th (Greedy).vcxproj", "{DE16553B-1E63-4E65-B90B-A409743DAF93}"
EndProject
Project("{8BC9CEB8-8B4A-11D0-8D11-00A0C91BC942}") = "Class15th (Dynamic Programming)", "..\Class15th (Dynamic Programming)\Class15th (Dynamic Programming).vcxproj", "{2E4A3E47-28EB-4721-9CDC-D716ECF6C236}"
EndProject
Project("{8BC9CEB8-8B4A-11D0-8D11-00A0C91BC942}") = "Class16th (Back Tracking)", "..\Class16th (Back Tracking)\Class16th (Back Tracking).vcxproj", "{9EFFDBCD-BD52-48D7-9C17-E89AFBCEA0AF}"
EndProject
Project("{8BC9CEB8-8B4A-11D0-8D11-00A0C91BC942}") = "Class17th (Depth First Search)", "..\Class17th (Depth First Search)\Class17th (Depth First Search).vcxproj", "{4AB27D0D-2FAA-4AEB-876B-2099178CACB5}"
EndProject
Project("{8BC9CEB8-8B4A-11D0-8D11-00A0C91BC942}") = "Class18th (Breadth First Search)", "..\Class18th (Breadth First Search)\Class18th (Breadth First Search).vcxproj", "{CD8A4B8B-20AB-436C-AA8B-8FE5D42DD407}"
EndProject
Project("{8BC9CEB8-8B4A-11D0-8D11-00A0C91BC942}") = "Class19th (Topology Sort)", "..\Class19th (Topology Sort)\Class19th (Topology Sort).vcxproj", "{99EB610D-4D77-4263-8A02-5ADD54238CEB}"
EndProject
Project("{8BC9CEB8-8B4A-11D0-8D11-00A0C91BC942}") = "Class20th (Union Find)", "..\Class20th (Union Find)\Class20th (Union Find).vcxproj", "{1DDF62B0-F054-41A5-B308-C390BAB4D33B}"
EndProject
Project("{8BC9CEB8-8B4A-11D0-8D11-00A0C91BC942}") = "Class21th (Minimum Spanning Tree)", "..\Class21th (Minimum Spanning Tree)\Class21th (Minimum Spanning Tree).vcxproj", "{6311FFDC-0339-43C1-8329-B954962F8FE8}"
EndProject
Project("{8BC9CEB8-8B4A-11D0-8D11-00A0C91BC942}") = "Class22th (Dijkstra)", "..\Class22th (Dijkstra)\Class22th (Dijkstra).vcxproj", "{8A47523B-9097-47F2-A3B1-6AFD0AA07104}"
EndProject
Global
	GlobalSection(SolutionConfigurationPlatforms) = preSolution
		Debug|x64 = Debug|x64
		Debug|x86 = Debug|x86
		Release|x64 = Release|x64
		Release|x86 = Release|x86
	EndGlobalSection
	GlobalSection(ProjectConfigurationPlatforms) = postSolution
		{40347C02-56AA-4800-815D-A8367D9687B1}.Debug|x64.ActiveCfg = Debug|x64
		{40347C02-56AA-4800-815D-A8367D9687B1}.Debug|x64.Build.0 = Debug|x64
		{40347C02-56AA-4800-815D-A8367D9687B1}.Debug|x86.ActiveCfg = Debug|Win32
		{40347C02-56AA-4800-815D-A8367D9687B1}.Debug|x86.Build.0 = Debug|Win32
		{40347C02-56AA-4800-815D-A8367D9687B1}.Release|x64.ActiveCfg = Release|x64
		{40347C02-56AA-4800-815D-A8367D9687B1}.Release|x64.Build.0 = Release|x64
		{40347C02-56AA-4800-815D-A8367D9687B1}.Release|x86.ActiveCfg = Release|Win32
		{40347C02-56AA-4800-815D-A8367D9687B1}.Release|x86.Build.0 = Release|Win32
		{D01840AA-22ED-449C-BC48-41553DDE55C7}.Debug|x64.ActiveCfg = Debug|x64
		{D01840AA-22ED-449C-BC48-41553DDE55C7}.Debug|x64.Build.0 = Debug|x64
		{D01840AA-22ED-449C-BC48-41553DDE55C7}.Debug|x86.ActiveCfg = Debug|Win32
		{D01840AA-22ED-449C-BC48-41553DDE55C7}.Debug|x86.Build.0 = Debug|Win32
		{D01840AA-22ED-449C-BC48-41553DDE55C7}.Release|x64.ActiveCfg = Release|x64
		{D01840AA-22ED-449C-BC48-41553DDE55C7}.Release|x64.Build.0 = Release|x64
		{D01840AA-22ED-449C-BC48-41553DDE55C7}.Release|x86.ActiveCfg = Release|Win32
		{D01840AA-22ED-449C-BC48-41553DDE55C7}.Release|x86.Build.0 = Release|Win32
		{5B3C21C5-BD3E-4539-8E8C-423D3FA79729}.Debug|x64.ActiveCfg = Debug|x64
		{5B3C21C5-BD3E-4539-8E8C-423D3FA79729}.Debug|x64.Build.0 = Debug|x64
		{5B3C21C5-BD3E-4539-8E8C-423D3FA79729}.Debug|x86.ActiveCfg = Debug|Win32
		{5B3C21C5-BD3E-4539-8E8C-423D3FA79729}.Debug|x86.Build.0 = Debug|Win32
		{5B3C21C5-BD3E-4539-8E8C-423D3FA79729}.Release|x64.ActiveCfg = Release|x64
		{5B3C21C5-BD3E-4539-8E8C-423D3FA79729}.Release|x64.Build.0 = Release|x64
		{5B3C21C5-BD3E-4539-8E8C-423D3FA79729}.Release|x86.ActiveCfg = Release|Win32
		{5B3C21C5-BD3E-4539-8E8C-423D3FA79729}.Release|x86.Build.0 = Release|Win32
		{B87D7C03-882D-4F8E-8CFD-F76F0442463A}.Debug|x64.ActiveCfg = Debug|x64
		{B87D7C03-882D-4F8E-8CFD-F76F0442463A}.Debug|x64.Build.0 = Debug|x64
		{B87D7C03-882D-4F8E-8CFD-F76F0442463A}.Debug|x86.ActiveCfg = Debug|Win32
		{B87D7C03-882D-4F8E-8CFD-F76F0442463A}.Debug|x86.Build.0 = Debug|Win32
		{B87D7C03-882D-4F8E-8CFD-F76F0442463A}.Release|x64.ActiveCfg = Release|x64
		{B87D7C03-882D-4F8E-8CFD-F76F0442463A}.Release|x64.Build.0 = Release|x64
		{B87D7C03-882D-4F8E-8CFD-F76F0442463A}.Release|x86.ActiveCfg = Release|Win32
		{B87D7C03-882D-4F8E-8CFD-F76F0442463A}.Release|x86.Build.0 = Release|Win32
		{944D0560-F0C0-48DC-BCBD-1B947F0D27F9}.Debug|x64.ActiveCfg = Debug|x64
		{944D0560-F0C0-48DC-BCBD-1B947F0D27F9}.Debug|x64.Build.0 = Debug|x64
		{944D0560-F0C0-48DC-BCBD-1B947F0D27F9}.Debug|x86.ActiveCfg = Debug|Win32
		{944D0560-F0C0-48DC-BCBD-1B947F0D27F9}.Debug|x86.Build.0 = Debug|Win32
		{944D0560-F0C0-48DC-BCBD-1B947F0D27F9}.Release|x64.ActiveCfg = Release|x64
		{944D0560-F0C0-48DC-BCBD-1B947F0D27F9}.Release|x64.Build.0 = Release|x64
		{944D0560-F0C0-48DC-BCBD-1B947F0D27F9}.Release|x86.ActiveCfg = Release|Win32
		{944D0560-F0C0-48DC-BCBD-1B947F0D27F9}.Release|x86.Build.0 = Release|Win32
		{15383551-5096-4F4D-9A33-D33EDED28F59}.Debug|x64.ActiveCfg = Debug|x64
		{15383551-5096-4F4D-9A33-D33EDED28F59}.Debug|x64.Build.0 = Debug|x64
		{15383551-5096-4F4D-9A33-D33EDED28F59}.Debug|x86.ActiveCfg = Debug|Win32
		{15383551-5096-4F4D-9A33-D33EDED28F59}.Debug|x86.Build.0 = Debug|Win32
		{15383551-5096-4F4D-9A33-D33EDED28F59}.Release|x64.ActiveCfg = Release|x64
		{15383551-5096-4F4D-9A33-D33EDED28F59}.Release|x64.Build.0 = Release|x64
		{15383551-5096-4F4D-9A33-D33EDED28F59}.Release|x86.ActiveCfg = Release|Win32
		{15383551-5096-4F4D-9A33-D33EDED28F59}.Release|x86.Build.0 = Release|Win32
		{F876834B-545A-490F-9F8B-BB3D5BDBA47E}.Debug|x64.ActiveCfg = Debug|x64
		{F876834B-545A-490F-9F8B-BB3D5BDBA47E}.Debug|x64.Build.0 = Debug|x64
		{F876834B-545A-490F-9F8B-BB3D5BDBA47E}.Debug|x86.ActiveCfg = Debug|Win32
		{F876834B-545A-490F-9F8B-BB3D5BDBA47E}.Debug|x86.Build.0 = Debug|Win32
		{F876834B-545A-490F-9F8B-BB3D5BDBA47E}.Release|x64.ActiveCfg = Release|x64
		{F876834B-545A-490F-9F8B-BB3D5BDBA47E}.Release|x64.Build.0 = Release|x64
		{F876834B-545A-490F-9F8B-BB3D5BDBA47E}.Release|x86.ActiveCfg = Release|Win32
		{F876834B-545A-490F-9F8B-BB3D5BDBA47E}.Release|x86.Build.0 = Release|Win32
		{D2D39C69-65DE-4347-B0A3-785C82C6AB12}.Debug|x64.ActiveCfg = Debug|x64
		{D2D39C69-65DE-4347-B0A3-785C82C6AB12}.Debug|x64.Build.0 = Debug|x64
		{D2D39C69-65DE-4347-B0A3-785C82C6AB12}.Debug|x86.ActiveCfg = Debug|Win32
		{D2D39C69-65DE-4347-B0A3-785C82C6AB12}.Debug|x86.Build.0 = Debug|Win32
		{D2D39C69-65DE-4347-B0A3-785C82C6AB12}.Release|x64.ActiveCfg = Release|x64
		{D2D39C69-65DE-4347-B0A3-785C82C6AB12}.Release|x64.Build.0 = Release|x64
		{D2D39C69-65DE-4347-B0A3-785C82C6AB12}.Release|x86.ActiveCfg = Release|Win32
		{D2D39C69-65DE-4347-B0A3-785C82C6AB12}.Release|x86.Build.0 = Release|Win32
		{49A191FF-B548-46B8-8E49-33AA9B89E54F}.Debug|x64.ActiveCfg = Debug|x64
		{49A191FF-B548-46B8-8E49-33AA9B89E54F}.Debug|x64.Build.0 = Debug|x64
		{49A191FF-B548-46B8-8E49-33AA9B89E54F}.Debug|x86.ActiveCfg = Debug|Win32
		{49A191FF-B548-46B8-8E49-33AA9B89E54F}.Debug|x86.Build.0 = Debug|Win32
		{49A191FF-B548-46B8-8E49-33AA9B89E54F}.Release|x64.ActiveCfg = Release|x64
		{49A191FF-B548-46B8-8E49-33AA9B89E54F}.Release|x64.Build.0 = Release|x64
		{49A191FF-B548-46B8-8E49-33AA9B89E54F}.Release|x86.ActiveCfg = Release|Win32
		{49A191FF-B548-46B8-8E49-33AA9B89E54F}.Release|x86.Build.0 = Release|Win32
		{772A39B9-DF8A-4D4D-B619-D44AEEB14741}.Debug|x64.ActiveCfg = Debug|x64
		{772A39B9-DF8A-4D4D-B619-D44AEEB14741}.Debug|x64.Build.0 = Debug|x64
		{772A39B9-DF8A-4D4D-B619-D44AEEB14741}.Debug|x86.ActiveCfg = Debug|Win32
		{772A39B9-DF8A-4D4D-B619-D44AEEB14741}.Debug|x86.Build.0 = Debug|Win32
		{772A39B9-DF8A-4D4D-B619-D44AEEB14741}.Release|x64.ActiveCfg = Release|x64
		{772A39B9-DF8A-4D4D-B619-D44AEEB14741}.Release|x64.Build.0 = Release|x64
		{772A39B9-DF8A-4D4D-B619-D44AEEB14741}.Release|x86.ActiveCfg = Release|Win32
		{772A39B9-DF8A-4D4D-B619-D44AEEB14741}.Release|x86.Build.0 = Release|Win32
		{B7EE15B6-7222-42F4-BDF5-FBB668634517}.Debug|x64.ActiveCfg = Debug|x64
		{B7EE15B6-7222-42F4-BDF5-FBB668634517}.Debug|x64.Build.0 = Debug|x64
		{B7EE15B6-7222-42F4-BDF5-FBB668634517}.Debug|x86.ActiveCfg = Debug|Win32
		{B7EE15B6-7222-42F4-BDF5-FBB668634517}.Debug|x86.Build.0 = Debug|Win32
		{B7EE15B6-7222-42F4-BDF5-FBB668634517}.Release|x64.ActiveCfg = Release|x64
		{B7EE15B6-7222-42F4-BDF5-FBB668634517}.Release|x64.Build.0 = Release|x64
		{B7EE15B6-7222-42F4-BDF5-FBB668634517}.Release|x86.ActiveCfg = Release|Win32
		{B7EE15B6-7222-42F4-BDF5-FBB668634517}.Release|x86.Build.0 = Release|Win32
		{95E81754-016F-448D-8125-D2C9DB3EA2A6}.Debug|x64.ActiveCfg = Debug|x64
		{95E81754-016F-448D-8125-D2C9DB3EA2A6}.Debug|x64.Build.0 = Debug|x64
		{95E81754-016F-448D-8125-D2C9DB3EA2A6}.Debug|x86.ActiveCfg = Debug|Win32
		{95E81754-016F-448D-8125-D2C9DB3EA2A6}.Debug|x86.Build.0 = Debug|Win32
		{95E81754-016F-448D-8125-D2C9DB3EA2A6}.Release|x64.ActiveCfg = Release|x64
		{95E81754-016F-448D-8125-D2C9DB3EA2A6}.Release|x64.Build.0 = Release|x64
		{95E81754-016F-448D-8125-D2C9DB3EA2A6}.Release|x86.ActiveCfg = Release|Win32
		{95E81754-016F-448D-8125-D2C9DB3EA2A6}.Release|x86.Build.0 = Release|Win32
		{40D6F6EF-FB08-4659-85CB-293C22A505E3}.Debug|x64.ActiveCfg = Debug|x64
		{40D6F6EF-FB08-4659-85CB-293C22A505E3}.Debug|x64.Build.0 = Debug|x64
		{40D6F6EF-FB08-4659-85CB-293C22A505E3}.Debug|x86.ActiveCfg = Debug|Win32
		{40D6F6EF-FB08-4659-85CB-293C22A505E3}.Debug|x86.Build.0 = Debug|Win32
		{40D6F6EF-FB08-4659-85CB-293C22A505E3}.Release|x64.ActiveCfg = Release|x64
		{40D6F6EF-FB08-4659-85CB-293C22A505E3}.Release|x64.Build.0 = Release|x64
		{40D6F6EF-FB08-4659-85CB-293C22A505E3}.Release|x86.ActiveCfg = Release|Win32
		{40D6F6EF-FB08-4659-85CB-293C22A505E3}.Release|x86.Build.0 = Release|Win32
		{38F9E83B-2CE7-4540-A8A7-F2B244AAE9D7}.Debug|x64.ActiveCfg = Debug|x64
		{38F9E83B-2CE7-4540-A8A7-F2B244AAE9D7}.Debug|x64.Build.0 = Debug|x64
		{38F9E83B-2CE7-4540-A8A7-F2B244AAE9D7}.Debug|x86.ActiveCfg = Debug|Win32
		{38F9E83B-2CE7-4540-A8A7-F2B244AAE9D7}.Debug|x86.Build.0 = Debug|Win32
		{38F9E83B-2CE7-4540-A8A7-F2B244AAE9D7}.Release|x64.ActiveCfg = Release|x64
		{38F9E83B-2CE7-4540-A8A7-F2B244AAE9D7}.Release|x64.Build.0 = Release|x64
		{38F9E83B-2CE7-4540-A8A7-F2B244AAE9D7}.Release|x86.ActiveCfg = Release|Win32
		{38F9E83B-2CE7-4540-A8A7-F2B244AAE9D7}.Release|x86.Build.0 = Release|Win32
		{DE16553B-1E63-4E65-B90B-A409743DAF93}.Debug|x64.ActiveCfg = Debug|x64
		{DE16553B-1E63-4E65-B90B-A409743DAF93}.Debug|x64.Build.0 = Debug|x64
		{DE16553B-1E63-4E65-B90B-A409743DAF93}.Debug|x86.ActiveCfg = Debug|Win32
		{DE16553B-1E63-4E65-B90B-A409743DAF93}.Debug|x86.Build.0 = Debug|Win32
		{DE16553B-1E63-4E65-B90B-A409743DAF93}.Release|x64.ActiveCfg = Release|x64
		{DE16553B-1E63-4E65-B90B-A409743DAF93}.Release|x64.Build.0 = Release|x64
		{DE16553B-1E63-4E65-B90B-A409743DAF93}.Release|x86.ActiveCfg = Release|Win32
		{DE16553B-1E63-4E65-B90B-A409743DAF93}.Release|x86.Build.0 = Release|Win32
		{2E4A3E47-28EB-4721-9CDC-D716ECF6C236}.Debug|x64.ActiveCfg = Debug|x64
		{2E4A3E47-28EB-4721-9CDC-D716ECF6C236}.Debug|x64.Build.0 = Debug|x64
		{2E4A3E47-28EB-4721-9CDC-D716ECF6C236}.Debug|x86.ActiveCfg = Debug|Win32
		{2E4A3E47-28EB-4721-9CDC-D716ECF6C236}.Debug|x86.Build.0 = Debug|Win32
		{2E4A3E47-28EB-4721-9CDC-D716ECF6C236}.Release|x64.ActiveCfg = Release|x64
		{2E4A3E47-28EB-4721-9CDC-D716ECF6C236}.Release|x64.Build.0 = Release|x64
		{2E4A3E47-28EB-4721-9CDC-D716ECF6C236}.Release|x86.ActiveCfg = Release|Win32
		{2E4A3E47-28EB-4721-9CDC-D716ECF6C236}.Release|x86.Build.0 = Release|Win32
		{9EFFDBCD-BD52-48D7-9C17-E89AFBCEA0AF}.Debug|x64.ActiveCfg = Debug|x64
		{9EFFDBCD-BD52-48D7-9C17-E89AFBCEA0AF}.Debug|x64.Build.0 = Debug|x64
		{9EFFDBCD-BD52-48D7-9C17-E89AFBCEA0AF}.Debug|x86.ActiveCfg = Debug|Win32
		{9EFFDBCD-BD52-48D7-9C17-E89AFBCEA0AF}.Debug|x86.Build.0 = Debug|Win32
		{9EFFDBCD-BD52-48D7-9C17-E89AFBCEA0AF}.Release|x64.ActiveCfg = Release|x64
		{9EFFDBCD-BD52-48D7-9C17-E89AFBCEA0AF}.Release|x64.Build.0 = Release|x64
		{9EFFDBCD-BD52-48D7-9C17-E89AFBCEA0AF}.Release|x86.ActiveCfg = Release|Win32
		{9EFFDBCD-BD52-48D7-9C17-E89AFBCEA0AF}.Release|x86.Build.0 = Release|Win32
		{4AB27D0D-2FAA-4AEB-876B-2099178CACB5}.Debug|x64.ActiveCfg = Debug|x64
		{4AB27D0D-2FAA-4AEB-876B-2099178CACB5}.Debug|x64.Build.0 = Debug|x64
		{4AB27D0D-2FAA-4AEB-876B-2099178CACB5}.Debug|x86.ActiveCfg = Debug|Win32
		{4AB27D0D-2FAA-4AEB-876B-2099178CACB5}.Debug|x86.Build.0 = Debug|Win32
		{4AB27D0D-2FAA-4AEB-876B-2099178CACB5}.Release|x64.ActiveCfg = Release|x64
		{4AB27D0D-2FAA-4AEB-876B-2099178CACB5}.Release|x64.Build.0 = Release|x64
		{4AB27D0D-2FAA-4AEB-876B-2099178CACB5}.Release|x86.ActiveCfg = Release|Win32
		{4AB27D0D-2FAA-4AEB-876B-2099178CACB5}.Release|x86.Build.0 = Release|Win32
		{CD8A4B8B-20AB-436C-AA8B-8FE5D42DD407}.Debug|x64.ActiveCfg = Debug|x64
		{CD8A4B8B-20AB-436C-AA8B-8FE5D42DD407}.Debug|x64.Build.0 = Debug|x64
		{CD8A4B8B-20AB-436C-AA8B-8FE5D42DD407}.Debug|x86.ActiveCfg = Debug|Win32
		{CD8A4B8B-20AB-436C-AA8B-8FE5D42DD407}.Debug|x86.Build.0 = Debug|Win32
		{CD8A4B8B-20AB-436C-AA8B-8FE5D42DD407}.Release|x64.ActiveCfg = Release|x64
		{CD8A4B8B-20AB-436C-AA8B-8FE5D42DD407}.Release|x64.Build.0 = Release|x64
		{CD8A4B8B-20AB-436C-AA8B-8FE5D42DD407}.Release|x86.ActiveCfg = Release|Win32
		{CD8A4B8B-20AB-436C-AA8B-8FE5D42DD407}.Release|x86.Build.0 = Release|Win32
		{99EB610D-4D77-4263-8A02-5ADD54238CEB}.Debug|x64.ActiveCfg = Debug|x64
		{99EB610D-4D77-4263-8A02-5ADD54238CEB}.Debug|x64.Build.0 = Debug|x64
		{99EB610D-4D77-4263-8A02-5ADD54238CEB}.Debug|x86.ActiveCfg = Debug|Win32
		{99EB610D-4D77-4263-8A02-5ADD54238CEB}.Debug|x86.Build.0 = Debug|Win32
		{99EB610D-4D77-4263-8A02-5ADD54238CEB}.Release|x64.ActiveCfg = Release|x64
		{99EB610D-4D77-4263-8A02-5ADD54238CEB}.Release|x64.Build.0 = Release|x64
		{99EB610D-4D77-4263-8A02-5ADD54238CEB}.Release|x86.ActiveCfg = Release|Win32
		{99EB610D-4D77-4263-8A02-5ADD54238CEB}.Release|x86.Build.0 = Release|Win32
		{1DDF62B0-F054-41A5-B308-C390BAB4D33B}.Debug|x64.ActiveCfg = Debug|x64
		{1DDF62B0-F054-41A5-B308-C390BAB4D33B}.Debug|x64.Build.0 = Debug|x64
		{1DDF62B0-F054-41A5-B308-C390BAB4D33B}.Debug|x86.ActiveCfg = Debug|Win32
		{1DDF62B0-F054-41A5-B308-C390BAB4D33B}.Debug|x86.Build.0 = Debug|Win32
		{1DDF62B0-F054-41A5-B308-C390BAB4D33B}.Release|x64.ActiveCfg = Release|x64
		{1DDF62B0-F054-41A5-B308-C390BAB4D33B}.Release|x64.Build.0 = Release|x64
		{1DDF62B0-F054-41A5-B308-C390BAB4D33B}.Release|x86.ActiveCfg = Release|Win32
		{1DDF62B0-F054-41A5-B308-C390BAB4D33B}.Release|x86.Build.0 = Release|Win32
		{6311FFDC-0339-43C1-8329-B954962F8FE8}.Debug|x64.ActiveCfg = Debug|x64
		{6311FFDC-0339-43C1-8329-B954962F8FE8}.Debug|x64.Build.0 = Debug|x64
		{6311FFDC-0339-43C1-8329-B954962F8FE8}.Debug|x86.ActiveCfg = Debug|Win32
		{6311FFDC-0339-43C1-8329-B954962F8FE8}.Debug|x86.Build.0 = Debug|Win32
		{6311FFDC-0339-43C1-8329-B954962F8FE8}.Release|x64.ActiveCfg = Release|x64
		{6311FFDC-0339-43C1-8329-B954962F8FE8}.Release|x64.Build.0 = Release|x64
		{6311FFDC-0339-43C1-8329-B954962F8FE8}.Release|x86.ActiveCfg = Release|Win32
		{6311FFDC-0339-43C1-8329-B954962F8FE8}.Release|x86.Build.0 = Release|Win32
		{8A47523B-9097-47F2-A3B1-6AFD0AA07104}.Debug|x64.ActiveCfg = Debug|x64
		{8A47523B-9097-47F2-A3B1-6AFD0AA07104}.Debug|x64.Build.0 = Debug|x64
		{8A47523B-9097-47F2-A3B1-6AFD0AA07104}.Debug|x86.ActiveCfg = Debug|Win32
		{8A47523B-9097-47F2-A3B1-6AFD0AA07104}.Debug|x86.Build.0 = Debug|Win32
		{8A47523B-9097-47F2-A3B1-6AFD0AA07104}.Release|x64.ActiveCfg = Release|x64
		{8A47523B-9097-47F2-A3B1-6AFD0AA07104}.Release|x64.Build.0 = Release|x64
		{8A47523B-9097-47F2-A3B1-6AFD0AA07104}.Release|x86.ActiveCfg = Release|Win32
		{8A47523B-9097-47F2-A3B1-6AFD0AA07104}.Release|x86.Build.0 = Release|Win32
	EndGlobalSection
	GlobalSection(SolutionProperties) = preSolution
		HideSolutionNode = FALSE
	EndGlobalSection
	GlobalSection(ExtensibilityGlobals) = postSolution
		SolutionGuid = {C636AA8C-729E-47FA-89F5-3DE3C7572B7C}
	EndGlobalSection
EndGlobal
