
Microsoft Visual Studio Solution File, Format Version 12.00
# Visual Studio Version 17
VisualStudioVersion = 17.9.34728.123
MinimumVisualStudioVersion = 10.0.40219.1
Project("{8BC9CEB8-8B4A-11D0-8D11-00A0C91BC942}") = "Program", "Program.vcxproj", "{65B2FB00-4C61-418A-BFAE-189EB00EB334}"
EndProject
Project("{8BC9CEB8-8B4A-11D0-8D11-00A0C91BC942}") = "Class1th (Single Linked List)", "..\Class1th (Single Linked List)\Class1th (Single Linked List).vcxproj", "{2240216D-7624-48FF-8578-15173F1155FF}"
EndProject
Project("{8BC9CEB8-8B4A-11D0-8D11-00A0C91BC942}") = "Class2th (Double Linked List)", "..\Class2th (Double Linked List)\Class2th (Double Linked List).vcxproj", "{58F0020D-0510-4490-B7E4-9062FEBD2F10}"
EndProject
Project("{8BC9CEB8-8B4A-11D0-8D11-00A0C91BC942}") = "Class3th (Circle Linked List)", "..\Class3th (Circle Linked List)\Class3th (Circle Linked List).vcxproj", "{8077EEC4-598A-4A13-A467-E82A2E6EEFBC}"
EndProject
Project("{8BC9CEB8-8B4A-11D0-8D11-00A0C91BC942}") = "Class4th (Stack)", "..\Class4th (Stack)\Class4th (Stack).vcxproj", "{94A36CE1-4CD2-4C8F-80E1-D8C21426FD96}"
EndProject
Project("{8BC9CEB8-8B4A-11D0-8D11-00A0C91BC942}") = "Class5th (Linear Queue)", "..\Class5th (Linear Queue)\Class5th (Linear Queue).vcxproj", "{98D9F45D-5FD7-4ED0-A20C-0B3FADD19AC4}"
EndProject
Project("{8BC9CEB8-8B4A-11D0-8D11-00A0C91BC942}") = "Class6th (Circle Queue)", "..\Class6th (Circle Queue)\Class6th (Circle Queue).vcxproj", "{E8F33314-83FB-4F7C-A83F-58C71E8440C6}"
EndProject
Global
	GlobalSection(SolutionConfigurationPlatforms) = preSolution
		Debug|x64 = Debug|x64
		Debug|x86 = Debug|x86
		Release|x64 = Release|x64
		Release|x86 = Release|x86
	EndGlobalSection
	GlobalSection(ProjectConfigurationPlatforms) = postSolution
		{65B2FB00-4C61-418A-BFAE-189EB00EB334}.Debug|x64.ActiveCfg = Debug|x64
		{65B2FB00-4C61-418A-BFAE-189EB00EB334}.Debug|x64.Build.0 = Debug|x64
		{65B2FB00-4C61-418A-BFAE-189EB00EB334}.Debug|x86.ActiveCfg = Debug|Win32
		{65B2FB00-4C61-418A-BFAE-189EB00EB334}.Debug|x86.Build.0 = Debug|Win32
		{65B2FB00-4C61-418A-BFAE-189EB00EB334}.Release|x64.ActiveCfg = Release|x64
		{65B2FB00-4C61-418A-BFAE-189EB00EB334}.Release|x64.Build.0 = Release|x64
		{65B2FB00-4C61-418A-BFAE-189EB00EB334}.Release|x86.ActiveCfg = Release|Win32
		{65B2FB00-4C61-418A-BFAE-189EB00EB334}.Release|x86.Build.0 = Release|Win32
		{2240216D-7624-48FF-8578-15173F1155FF}.Debug|x64.ActiveCfg = Debug|x64
		{2240216D-7624-48FF-8578-15173F1155FF}.Debug|x64.Build.0 = Debug|x64
		{2240216D-7624-48FF-8578-15173F1155FF}.Debug|x86.ActiveCfg = Debug|Win32
		{2240216D-7624-48FF-8578-15173F1155FF}.Debug|x86.Build.0 = Debug|Win32
		{2240216D-7624-48FF-8578-15173F1155FF}.Release|x64.ActiveCfg = Release|x64
		{2240216D-7624-48FF-8578-15173F1155FF}.Release|x64.Build.0 = Release|x64
		{2240216D-7624-48FF-8578-15173F1155FF}.Release|x86.ActiveCfg = Release|Win32
		{2240216D-7624-48FF-8578-15173F1155FF}.Release|x86.Build.0 = Release|Win32
		{58F0020D-0510-4490-B7E4-9062FEBD2F10}.Debug|x64.ActiveCfg = Debug|x64
		{58F0020D-0510-4490-B7E4-9062FEBD2F10}.Debug|x64.Build.0 = Debug|x64
		{58F0020D-0510-4490-B7E4-9062FEBD2F10}.Debug|x86.ActiveCfg = Debug|Win32
		{58F0020D-0510-4490-B7E4-9062FEBD2F10}.Debug|x86.Build.0 = Debug|Win32
		{58F0020D-0510-4490-B7E4-9062FEBD2F10}.Release|x64.ActiveCfg = Release|x64
		{58F0020D-0510-4490-B7E4-9062FEBD2F10}.Release|x64.Build.0 = Release|x64
		{58F0020D-0510-4490-B7E4-9062FEBD2F10}.Release|x86.ActiveCfg = Release|Win32
		{58F0020D-0510-4490-B7E4-9062FEBD2F10}.Release|x86.Build.0 = Release|Win32
		{8077EEC4-598A-4A13-A467-E82A2E6EEFBC}.Debug|x64.ActiveCfg = Debug|x64
		{8077EEC4-598A-4A13-A467-E82A2E6EEFBC}.Debug|x64.Build.0 = Debug|x64
		{8077EEC4-598A-4A13-A467-E82A2E6EEFBC}.Debug|x86.ActiveCfg = Debug|Win32
		{8077EEC4-598A-4A13-A467-E82A2E6EEFBC}.Debug|x86.Build.0 = Debug|Win32
		{8077EEC4-598A-4A13-A467-E82A2E6EEFBC}.Release|x64.ActiveCfg = Release|x64
		{8077EEC4-598A-4A13-A467-E82A2E6EEFBC}.Release|x64.Build.0 = Release|x64
		{8077EEC4-598A-4A13-A467-E82A2E6EEFBC}.Release|x86.ActiveCfg = Release|Win32
		{8077EEC4-598A-4A13-A467-E82A2E6EEFBC}.Release|x86.Build.0 = Release|Win32
		{94A36CE1-4CD2-4C8F-80E1-D8C21426FD96}.Debug|x64.ActiveCfg = Debug|x64
		{94A36CE1-4CD2-4C8F-80E1-D8C21426FD96}.Debug|x64.Build.0 = Debug|x64
		{94A36CE1-4CD2-4C8F-80E1-D8C21426FD96}.Debug|x86.ActiveCfg = Debug|Win32
		{94A36CE1-4CD2-4C8F-80E1-D8C21426FD96}.Debug|x86.Build.0 = Debug|Win32
		{94A36CE1-4CD2-4C8F-80E1-D8C21426FD96}.Release|x64.ActiveCfg = Release|x64
		{94A36CE1-4CD2-4C8F-80E1-D8C21426FD96}.Release|x64.Build.0 = Release|x64
		{94A36CE1-4CD2-4C8F-80E1-D8C21426FD96}.Release|x86.ActiveCfg = Release|Win32
		{94A36CE1-4CD2-4C8F-80E1-D8C21426FD96}.Release|x86.Build.0 = Release|Win32
		{98D9F45D-5FD7-4ED0-A20C-0B3FADD19AC4}.Debug|x64.ActiveCfg = Debug|x64
		{98D9F45D-5FD7-4ED0-A20C-0B3FADD19AC4}.Debug|x64.Build.0 = Debug|x64
		{98D9F45D-5FD7-4ED0-A20C-0B3FADD19AC4}.Debug|x86.ActiveCfg = Debug|Win32
		{98D9F45D-5FD7-4ED0-A20C-0B3FADD19AC4}.Debug|x86.Build.0 = Debug|Win32
		{98D9F45D-5FD7-4ED0-A20C-0B3FADD19AC4}.Release|x64.ActiveCfg = Release|x64
		{98D9F45D-5FD7-4ED0-A20C-0B3FADD19AC4}.Release|x64.Build.0 = Release|x64
		{98D9F45D-5FD7-4ED0-A20C-0B3FADD19AC4}.Release|x86.ActiveCfg = Release|Win32
		{98D9F45D-5FD7-4ED0-A20C-0B3FADD19AC4}.Release|x86.Build.0 = Release|Win32
		{E8F33314-83FB-4F7C-A83F-58C71E8440C6}.Debug|x64.ActiveCfg = Debug|x64
		{E8F33314-83FB-4F7C-A83F-58C71E8440C6}.Debug|x64.Build.0 = Debug|x64
		{E8F33314-83FB-4F7C-A83F-58C71E8440C6}.Debug|x86.ActiveCfg = Debug|Win32
		{E8F33314-83FB-4F7C-A83F-58C71E8440C6}.Debug|x86.Build.0 = Debug|Win32
		{E8F33314-83FB-4F7C-A83F-58C71E8440C6}.Release|x64.ActiveCfg = Release|x64
		{E8F33314-83FB-4F7C-A83F-58C71E8440C6}.Release|x64.Build.0 = Release|x64
		{E8F33314-83FB-4F7C-A83F-58C71E8440C6}.Release|x86.ActiveCfg = Release|Win32
		{E8F33314-83FB-4F7C-A83F-58C71E8440C6}.Release|x86.Build.0 = Release|Win32
	EndGlobalSection
	GlobalSection(SolutionProperties) = preSolution
		HideSolutionNode = FALSE
	EndGlobalSection
	GlobalSection(ExtensibilityGlobals) = postSolution
		SolutionGuid = {F7C9B670-7466-496B-9D56-5D1B096ABBC1}
	EndGlobalSection
EndGlobal
